{
  "version": 4,
  "terraform_version": "1.7.3",
  "serial": 55,
  "lineage": "aac1e576-0626-e50d-d0fa-4ca6c11328e6",
  "outputs": {},
  "resources": [
    {
      "mode": "managed",
      "type": "google_compute_network",
      "name": "vpc_network",
      "provider": "provider[\"registry.terraform.io/hashicorp/google\"]",
      "instances": [
        {
          "schema_version": 0,
          "attributes": {
            "auto_create_subnetworks": true,
            "delete_default_routes_on_create": false,
            "description": "",
            "enable_ula_internal_ipv6": false,
            "gateway_ipv4": "",
            "id": "projects/csi4160-416400/global/networks/default-vpc-network-for-project",
            "internal_ipv6_range": "",
            "mtu": 0,
            "name": "default-vpc-network-for-project",
            "network_firewall_policy_enforcement_order": "AFTER_CLASSIC_FIREWALL",
            "numeric_id": "7197502568488943112",
            "project": "csi4160-416400",
            "routing_mode": "REGIONAL",
            "self_link": "https://www.googleapis.com/compute/v1/projects/csi4160-416400/global/networks/default-vpc-network-for-project",
            "timeouts": null
          },
          "sensitive_attributes": [],
          "private": "eyJlMmJmYjczMC1lY2FhLTExZTYtOGY4OC0zNDM2M2JjN2M0YzAiOnsiY3JlYXRlIjoxMjAwMDAwMDAwMDAwLCJkZWxldGUiOjEyMDAwMDAwMDAwMDAsInVwZGF0ZSI6MTIwMDAwMDAwMDAwMH19"
        }
      ]
    },
    {
      "mode": "managed",
      "type": "google_compute_subnetwork",
      "name": "subnet_region1",
      "provider": "provider[\"registry.terraform.io/hashicorp/google\"]",
      "instances": [
        {
          "schema_version": 0,
          "attributes": {
            "creation_timestamp": "2024-04-07T13:24:59.706-07:00",
            "description": "",
            "external_ipv6_prefix": "",
            "fingerprint": null,
            "gateway_address": "10.1.0.1",
            "id": "projects/csi4160-416400/regions/us-central1/subnetworks/subnet-region1-project",
            "internal_ipv6_prefix": "",
            "ip_cidr_range": "10.1.0.0/24",
            "ipv6_access_type": "",
            "ipv6_cidr_range": "",
            "log_config": [],
            "name": "subnet-region1-project",
            "network": "https://www.googleapis.com/compute/v1/projects/csi4160-416400/global/networks/default-vpc-network-for-project",
            "private_ip_google_access": false,
            "private_ipv6_google_access": "DISABLE_GOOGLE_ACCESS",
            "project": "csi4160-416400",
            "purpose": "PRIVATE",
            "region": "us-central1",
            "role": "",
            "secondary_ip_range": [],
            "self_link": "https://www.googleapis.com/compute/v1/projects/csi4160-416400/regions/us-central1/subnetworks/subnet-region1-project",
            "stack_type": "IPV4_ONLY",
            "timeouts": null
          },
          "sensitive_attributes": [],
          "private": "eyJlMmJmYjczMC1lY2FhLTExZTYtOGY4OC0zNDM2M2JjN2M0YzAiOnsiY3JlYXRlIjoxMjAwMDAwMDAwMDAwLCJkZWxldGUiOjEyMDAwMDAwMDAwMDAsInVwZGF0ZSI6MTIwMDAwMDAwMDAwMH19",
          "dependencies": [
            "google_compute_network.vpc_network"
          ]
        }
      ]
    },
    {
      "mode": "managed",
      "type": "google_sql_database_instance",
      "name": "database_instance",
      "provider": "provider[\"registry.terraform.io/hashicorp/google\"]",
      "instances": [
        {
          "schema_version": 0,
          "attributes": {
            "available_maintenance_versions": [],
            "clone": [],
            "connection_name": "csi4160-416400:us-central1:trial-database-instance-for-project",
            "database_version": "MYSQL_8_0",
            "deletion_protection": false,
            "dns_name": "",
            "encryption_key_name": null,
            "first_ip_address": "35.222.50.224",
            "id": "trial-database-instance-for-project",
            "instance_type": "CLOUD_SQL_INSTANCE",
            "ip_address": [
              {
                "ip_address": "35.222.50.224",
                "time_to_retire": "",
                "type": "PRIMARY"
              }
            ],
            "maintenance_version": "MYSQL_8_0_31.R20240207.00_10",
            "master_instance_name": "",
            "name": "trial-database-instance-for-project",
            "private_ip_address": "",
            "project": "csi4160-416400",
            "psc_service_attachment_link": "",
            "public_ip_address": "35.222.50.224",
            "region": "us-central1",
            "replica_configuration": [],
            "restore_backup_context": [],
            "root_password": null,
            "self_link": "https://sqladmin.googleapis.com/sql/v1beta4/projects/csi4160-416400/instances/trial-database-instance-for-project",
            "server_ca_cert": [
              {
                "cert": "-----BEGIN CERTIFICATE-----\nMIIDfzCCAmegAwIBAgIBADANBgkqhkiG9w0BAQsFADB3MS0wKwYDVQQuEyQ2YjBh\nZWQ3Yi03NWRiLTRiYTktYTFkMC01YzE0Y2IzZjYzOTMxIzAhBgNVBAMTGkdvb2ds\nZSBDbG91ZCBTUUwgU2VydmVyIENBMRQwEgYDVQQKEwtHb29nbGUsIEluYzELMAkG\nA1UEBhMCVVMwHhcNMjQwNDA3MjAyMzUwWhcNMzQwNDA1MjAyNDUwWjB3MS0wKwYD\nVQQuEyQ2YjBhZWQ3Yi03NWRiLTRiYTktYTFkMC01YzE0Y2IzZjYzOTMxIzAhBgNV\nBAMTGkdvb2dsZSBDbG91ZCBTUUwgU2VydmVyIENBMRQwEgYDVQQKEwtHb29nbGUs\nIEluYzELMAkGA1UEBhMCVVMwggEiMA0GCSqGSIb3DQEBAQUAA4IBDwAwggEKAoIB\nAQCYlcS8Ltly57VZxEy254wl+BTTeqZzbMzYzoQvuZrwGOfNla3KtSlh6hTbOerk\np1Clqj/qQpf3Zs5zrJ5lNI7shoiKNZopjsmGrQsH2IXO6+lIErHHz0ieNgth9qs/\nfaDyoKyEojtXyrL7ujuAqn8KxZaLBp8lKV60dMxb+zwnx4Mpm3cM/D29Cpj2ZZwT\nu5abSp+x7mpqp8Leo9TBJQfxNntDx6wUT7oYk2sfmBlz7iZoHe+vbD1g7zPUqTcV\nxSKXfsQPnuYPZRHCjwzyAIQiXenSNVx4c98EJI4IQ6N1o05vg+tF63v6xcWdgzyQ\nXulxnR18QG3TGyo13glGqXDJAgMBAAGjFjAUMBIGA1UdEwEB/wQIMAYBAf8CAQAw\nDQYJKoZIhvcNAQELBQADggEBAIyDoln3kvv3Bg/GdQsq6yyAQXDMVuZe6upNqSJM\n06K49KIfDIibmaVOA605mdorBeQAjgX+LDmJF9xFaMUz24oMN5wranded7kYgjTZ\n5W2IAUmDGEhRBomUkwWaveJIoVQKorR1iCxHRNkHs0yMHJfMavecpZsNCfn8mNb8\nPB8xsJWlHoTp+B+oBKQlKvQkoV2HMmnveBbeEziXT2yeUPHRR5SySPDFXdhhdK4g\n08QsTG7h2qZaLy/QxRLymWaakFXLLcRX5AaKgitMoVb6CI2WKvFcscUB3mB+1tTH\nlP1Po2Z+ZFxJP9qnrG/Aq7rjJeMWNwJ0mJ2YUr6JlC6TE6I=\n-----END CERTIFICATE-----",
                "common_name": "C=US,O=Google\\, Inc,CN=Google Cloud SQL Server CA,dnQualifier=6b0aed7b-75db-4ba9-a1d0-5c14cb3f6393",
                "create_time": "2024-04-07T20:23:50.107Z",
                "expiration_time": "2034-04-05T20:24:50.107Z",
                "sha1_fingerprint": "74a61815adde2bbdb5d6672ff66c1cc6f88eee74"
              }
            ],
            "service_account_email_address": "p682055416096-vt95s6@gcp-sa-cloud-sql.iam.gserviceaccount.com",
            "settings": [
              {
                "activation_policy": "ALWAYS",
                "active_directory_config": [],
                "advanced_machine_features": [],
                "availability_type": "ZONAL",
                "backup_configuration": [
                  {
                    "backup_retention_settings": [
                      {
                        "retained_backups": 7,
                        "retention_unit": "COUNT"
                      }
                    ],
                    "binary_log_enabled": false,
                    "enabled": false,
                    "location": "",
                    "point_in_time_recovery_enabled": false,
                    "start_time": "18:00",
                    "transaction_log_retention_days": 7
                  }
                ],
                "collation": "",
                "connector_enforcement": "NOT_REQUIRED",
                "data_cache_config": [],
                "database_flags": [],
                "deletion_protection_enabled": false,
                "deny_maintenance_period": [],
                "disk_autoresize": true,
                "disk_autoresize_limit": 0,
                "disk_size": 10,
                "disk_type": "PD_SSD",
                "edition": "ENTERPRISE",
                "insights_config": [],
                "ip_configuration": [
                  {
                    "allocated_ip_range": "",
                    "authorized_networks": [],
                    "enable_private_path_for_google_cloud_services": false,
                    "ipv4_enabled": true,
                    "private_network": "",
                    "psc_config": [],
                    "require_ssl": false,
                    "ssl_mode": ""
                  }
                ],
                "location_preference": [
                  {
                    "follow_gae_application": "",
                    "secondary_zone": "",
                    "zone": "us-central1-c"
                  }
                ],
                "maintenance_window": [],
                "password_validation_policy": [],
                "pricing_plan": "PER_USE",
                "sql_server_audit_config": [],
                "tier": "db-f1-micro",
                "time_zone": "",
                "user_labels": {},
                "version": 1
              }
            ],
            "timeouts": null
          },
          "sensitive_attributes": [],
          "private": "eyJlMmJmYjczMC1lY2FhLTExZTYtOGY4OC0zNDM2M2JjN2M0YzAiOnsiY3JlYXRlIjoyNDAwMDAwMDAwMDAwLCJkZWxldGUiOjE4MDAwMDAwMDAwMDAsInVwZGF0ZSI6MTgwMDAwMDAwMDAwMH19"
        }
      ]
    }
  ],
  "check_results": null
}
